<?xml version="1.0" encoding="UTF-8"?>
<CONFIG>
  <ProjectOptions>
    <Version Value="12"/>
    <PathDelim Value="\"/>
    <General>
      <SessionStorage Value="InProjectDir"/>
      <Title Value="project1"/>
      <Scaled Value="True"/>
      <ResourceType Value="res"/>
      <UseXPManifest Value="True"/>
      <XPManifest>
        <DpiAware Value="True"/>
      </XPManifest>
      <Icon Value="0"/>
    </General>
    <BuildModes>
      <Item Name="Default" Default="True"/>
    </BuildModes>
    <PublishOptions>
      <Version Value="2"/>
      <UseFileFilters Value="True"/>
    </PublishOptions>
    <RunParams>
      <FormatVersion Value="2"/>
    </RunParams>
    <RequiredPackages>
      <Item>
        <PackageName Value="zcomponentdesign"/>
      </Item>
      <Item>
        <PackageName Value="FCL"/>
      </Item>
      <Item>
        <PackageName Value="zcomponent"/>
      </Item>
      <Item>
        <PackageName Value="LCL"/>
      </Item>
    </RequiredPackages>
    <Units>
      <Unit>
        <Filename Value="project1.lpr"/>
        <IsPartOfProject Value="True"/>
        <UnitName Value="BibliotecaDesktop"/>
      </Unit>
      <Unit>
        <Filename Value="view\uformlivros.pas"/>
        <IsPartOfProject Value="True"/>
        <ComponentName Value="FrmLivros"/>
        <HasResources Value="True"/>
        <ResourceBaseClass Value="Form"/>
        <UnitName Value="uFormLivros"/>
      </Unit>
      <Unit>
        <Filename Value="..\dao\ulivrodao.lfm"/>
        <IsPartOfProject Value="True"/>
      </Unit>
      <Unit>
        <Filename Value="..\dao\ulivrodao.pas"/>
        <IsPartOfProject Value="True"/>
        <ComponentName Value="Tfomr"/>
        <HasResources Value="True"/>
        <ResourceBaseClass Value="Form"/>
        <UnitName Value="uLivroDAO"/>
      </Unit>
      <Unit>
        <Filename Value="..\entidades\ulivro.lfm"/>
        <IsPartOfProject Value="True"/>
      </Unit>
      <Unit>
        <Filename Value="..\entidades\ulivro.pas"/>
        <IsPartOfProject Value="True"/>
        <ComponentName Value="Form1"/>
        <HasResources Value="True"/>
        <ResourceBaseClass Value="Form"/>
        <UnitName Value="uLivro"/>
      </Unit>
      <Unit>
        <Filename Value="..\dados\umodulodados.lfm"/>
        <IsPartOfProject Value="True"/>
      </Unit>
      <Unit>
        <Filename Value="..\dados\umodulodados.pas"/>
        <IsPartOfProject Value="True"/>
        <ComponentName Value="DataModule2"/>
        <ResourceBaseClass Value="DataModule"/>
        <UnitName Value="uModuloDados"/>
      </Unit>
      <Unit>
        <Filename Value="..\dao\uusuariodao.lfm"/>
        <IsPartOfProject Value="True"/>
      </Unit>
      <Unit>
        <Filename Value="..\dao\uusuariodao.pas"/>
        <IsPartOfProject Value="True"/>
        <ComponentName Value="Form1"/>
        <HasResources Value="True"/>
        <ResourceBaseClass Value="Form"/>
        <UnitName Value="uUsuarioDAO"/>
      </Unit>
      <Unit>
        <Filename Value="..\services\uusuarioservice.lfm"/>
        <IsPartOfProject Value="True"/>
      </Unit>
      <Unit>
        <Filename Value="..\services\uusuarioservice.pas"/>
        <IsPartOfProject Value="True"/>
        <ComponentName Value="Form1"/>
        <HasResources Value="True"/>
        <ResourceBaseClass Value="Form"/>
        <UnitName Value="uUsuarioService"/>
      </Unit>
      <Unit>
        <Filename Value="view\uformprincipal.lfm"/>
        <IsPartOfProject Value="True"/>
      </Unit>
      <Unit>
        <Filename Value="view\uformprincipal.pas"/>
        <IsPartOfProject Value="True"/>
        <ComponentName Value="FrmPrincipal"/>
        <HasResources Value="True"/>
        <ResourceBaseClass Value="Form"/>
        <UnitName Value="uFormPrincipal"/>
      </Unit>
      <Unit>
        <Filename Value="..\entidades\uautor.lfm"/>
        <IsPartOfProject Value="True"/>
      </Unit>
      <Unit>
        <Filename Value="..\entidades\uautor.pas"/>
        <IsPartOfProject Value="True"/>
        <ComponentName Value="Form1"/>
        <UnitName Value="uAutor"/>
      </Unit>
      <Unit>
        <Filename Value="..\entidades\uemprestimo.lfm"/>
        <IsPartOfProject Value="True"/>
      </Unit>
      <Unit>
        <Filename Value="..\entidades\uemprestimo.pas"/>
        <IsPartOfProject Value="True"/>
        <ComponentName Value="Form1"/>
        <HasResources Value="True"/>
        <UnitName Value="uEmprestimo"/>
      </Unit>
      <Unit>
        <Filename Value="..\services\uemprestimoservice.lfm"/>
        <IsPartOfProject Value="True"/>
      </Unit>
      <Unit>
        <Filename Value="..\services\uemprestimoservice.pas"/>
        <IsPartOfProject Value="True"/>
        <ComponentName Value="Form1"/>
        <UnitName Value="uEmprestimoService"/>
      </Unit>
      <Unit>
        <Filename Value="..\services\ulivroservice.lfm"/>
        <IsPartOfProject Value="True"/>
      </Unit>
      <Unit>
        <Filename Value="..\services\ulivroservice.pas"/>
        <IsPartOfProject Value="True"/>
        <ComponentName Value="Form1"/>
        <HasResources Value="True"/>
        <ResourceBaseClass Value="Form"/>
        <UnitName Value="uLivroService"/>
      </Unit>
      <Unit>
        <Filename Value="..\dao\uautoresdao.pas"/>
        <IsPartOfProject Value="True"/>
        <ComponentName Value="Form1"/>
        <UnitName Value="uAutoresDAO"/>
      </Unit>
      <Unit>
        <Filename Value="..\dao\uemprestimosdao.pas"/>
        <IsPartOfProject Value="True"/>
        <ComponentName Value="Form1"/>
        <HasResources Value="True"/>
        <UnitName Value="uEmprestimosDAO"/>
      </Unit>
      <Unit>
        <Filename Value="view\uformautor.lfm"/>
        <IsPartOfProject Value="True"/>
      </Unit>
      <Unit>
        <Filename Value="view\uformautor.pas"/>
        <IsPartOfProject Value="True"/>
        <ComponentName Value="FrmAutor"/>
        <HasResources Value="True"/>
        <ResourceBaseClass Value="Form"/>
        <UnitName Value="uFormAutor"/>
      </Unit>
      <Unit>
        <Filename Value="..\services\uautorservice.pas"/>
        <IsPartOfProject Value="True"/>
        <ComponentName Value="Form1"/>
        <UnitName Value="uAutorService"/>
      </Unit>
      <Unit>
        <Filename Value="view\uformemprestimo.pas"/>
        <IsPartOfProject Value="True"/>
        <ComponentName Value="FrmEmprestimo"/>
        <HasResources Value="True"/>
        <ResourceBaseClass Value="Form"/>
        <UnitName Value="uFormEmprestimo"/>
      </Unit>
    </Units>
  </ProjectOptions>
  <CompilerOptions>
    <Version Value="11"/>
    <PathDelim Value="\"/>
    <Target>
      <Filename Value="project1"/>
    </Target>
    <SearchPaths>
      <IncludeFiles Value="$(ProjOutDir)"/>
      <OtherUnitFiles Value="view;..\dao;..\entidades;..\dados;..\services"/>
      <UnitOutputDirectory Value="lib\$(TargetCPU)-$(TargetOS)"/>
    </SearchPaths>
    <Linking>
      <Debugging>
        <DebugInfoType Value="dsDwarf3"/>
      </Debugging>
      <Options>
        <Win32>
          <GraphicApplication Value="True"/>
        </Win32>
      </Options>
    </Linking>
  </CompilerOptions>
  <Debugging>
    <Exceptions>
      <Item>
        <Name Value="EAbort"/>
      </Item>
      <Item>
        <Name Value="ECodetoolError"/>
      </Item>
      <Item>
        <Name Value="EFOpenError"/>
      </Item>
    </Exceptions>
  </Debugging>
</CONFIG>
